
Microsoft Visual Studio Solution File, Format Version 12.00
# Visual Studio Version 17
VisualStudioVersion = 17.8.34330.188
MinimumVisualStudioVersion = 10.0.40219.1
Project("{FAE04EC0-301F-11D3-BF4B-00C04F79EFBC}") = "SaymanProje", "SaymanProje\SaymanProje.csproj", "{799AAABB-85AB-4A86-B1F9-417C60178505}"
EndProject
Global
	GlobalSection(SolutionConfigurationPlatforms) = preSolution
		Debug|Any CPU = Debug|Any CPU
		Release|Any CPU = Release|Any CPU
	EndGlobalSection
	GlobalSection(ProjectConfigurationPlatforms) = postSolution
		{799AAABB-85AB-4A86-B1F9-417C60178505}.Debug|Any CPU.ActiveCfg = Debug|Any CPU
		{799AAABB-85AB-4A86-B1F9-417C60178505}.Debug|Any CPU.Build.0 = Debug|Any CPU
		{799AAABB-85AB-4A86-B1F9-417C60178505}.Release|Any CPU.ActiveCfg = Release|Any CPU
		{799AAABB-85AB-4A86-B1F9-417C60178505}.Release|Any CPU.Build.0 = Release|Any CPU
	EndGlobalSection
	GlobalSection(SolutionProperties) = preSolution
		HideSolutionNode = FALSE
	EndGlobalSection
	GlobalSection(ExtensibilityGlobals) = postSolution
		SolutionGuid = {8D070031-E0C5-4B69-AADC-05C5B62D6310}
	EndGlobalSection
EndGlobal
